// !$*UTF8*$!
{
	archiveVersion = 1;
	classes = {
	};
	objectVersion = 56;
	objects = {

/* Begin PBXBuildFile section */
		CE1FE0BA2BF66AC400078EB1 /* OAuthSampleApp.swift in Sources */ = {isa = PBXBuildFile; fileRef = CE1FE0B92BF66AC400078EB1 /* OAuthSampleApp.swift */; };
		CE1FE0BC2BF66AC400078EB1 /* ContentView.swift in Sources */ = {isa = PBXBuildFile; fileRef = CE1FE0BB2BF66AC400078EB1 /* ContentView.swift */; };
		CE1FE0BE2BF66AC500078EB1 /* Assets.xcassets in Resources */ = {isa = PBXBuildFile; fileRef = CE1FE0BD2BF66AC500078EB1 /* Assets.xcassets */; };
		CE1FE0C22BF66AC500078EB1 /* Preview Assets.xcassets in Resources */ = {isa = PBXBuildFile; fileRef = CE1FE0C12BF66AC500078EB1 /* Preview Assets.xcassets */; };
		CE1FE0CA2BF66B6E00078EB1 /* OAuthKit in Frameworks */ = {isa = PBXBuildFile; productRef = CE1FE0C92BF66B6E00078EB1 /* OAuthKit */; };
		CE1FE0CD2BF6F73000078EB1 /* oauth.json in Resources */ = {isa = PBXBuildFile; fileRef = CE1FE0CC2BF6F73000078EB1 /* oauth.json */; };
		CE38E0ED2E0719EB0065319C /* OAuth+Window.swift in Sources */ = {isa = PBXBuildFile; fileRef = CE38E0EC2E0719EB0065319C /* OAuth+Window.swift */; };
		CE4317502E08AF77009B3DF1 /* OAuthKit in Frameworks */ = {isa = PBXBuildFile; productRef = CE43174F2E08AF77009B3DF1 /* OAuthKit */; };
		CE4317512E08B0BB009B3DF1 /* oauth.json in Resources */ = {isa = PBXBuildFile; fileRef = CE1FE0CC2BF6F73000078EB1 /* oauth.json */; };
		CE43175A2E09A27D009B3DF1 /* ContentView.swift in Sources */ = {isa = PBXBuildFile; fileRef = CE1FE0BB2BF66AC400078EB1 /* ContentView.swift */; };
		CE43175B2E09A2E5009B3DF1 /* OAuthSampleApp.swift in Sources */ = {isa = PBXBuildFile; fileRef = CE1FE0B92BF66AC400078EB1 /* OAuthSampleApp.swift */; };
		CE43175C2E09A321009B3DF1 /* Assets.xcassets in Resources */ = {isa = PBXBuildFile; fileRef = CE1FE0BD2BF66AC500078EB1 /* Assets.xcassets */; };
		CE65D4F52DEB6C4A00A24D2A /* OAuthKit in Frameworks */ = {isa = PBXBuildFile; productRef = CE65D4F42DEB6C4A00A24D2A /* OAuthKit */; };
		CEC9CBB62DE946EF00F181DF /* OAuthKit in Frameworks */ = {isa = PBXBuildFile; productRef = CEC9CBB52DE946EF00F181DF /* OAuthKit */; };
		CEF889822E08ACFF0083845F /* OAuthSampleWatch.app in Embed Watch Content */ = {isa = PBXBuildFile; fileRef = CEF889782E08ACFD0083845F /* OAuthSampleWatch.app */; platformFilter = ios; settings = {ATTRIBUTES = (RemoveHeadersOnCopy, ); }; };
/* End PBXBuildFile section */

/* Begin PBXContainerItemProxy section */
		CEF889802E08ACFF0083845F /* PBXContainerItemProxy */ = {
			isa = PBXContainerItemProxy;
			containerPortal = CE1FE0AE2BF66AC400078EB1 /* Project object */;
			proxyType = 1;
			remoteGlobalIDString = CEF889772E08ACFD0083845F;
			remoteInfo = "OAuthSampleWatch Watch App";
		};
/* End PBXContainerItemProxy section */

/* Begin PBXCopyFilesBuildPhase section */
		CEF889862E08ACFF0083845F /* Embed Watch Content */ = {
			isa = PBXCopyFilesBuildPhase;
			buildActionMask = 2147483647;
			dstPath = "$(CONTENTS_FOLDER_PATH)/Watch";
			dstSubfolderSpec = 16;
			files = (
				CEF889822E08ACFF0083845F /* OAuthSampleWatch.app in Embed Watch Content */,
			);
			name = "Embed Watch Content";
			runOnlyForDeploymentPostprocessing = 0;
		};
/* End PBXCopyFilesBuildPhase section */

/* Begin PBXFileReference section */
		CE1FE0B62BF66AC400078EB1 /* OAuthSample.app */ = {isa = PBXFileReference; explicitFileType = wrapper.application; includeInIndex = 0; path = OAuthSample.app; sourceTree = BUILT_PRODUCTS_DIR; };
		CE1FE0B92BF66AC400078EB1 /* OAuthSampleApp.swift */ = {isa = PBXFileReference; lastKnownFileType = sourcecode.swift; path = OAuthSampleApp.swift; sourceTree = "<group>"; };
		CE1FE0BB2BF66AC400078EB1 /* ContentView.swift */ = {isa = PBXFileReference; lastKnownFileType = sourcecode.swift; path = ContentView.swift; sourceTree = "<group>"; };
		CE1FE0BD2BF66AC500078EB1 /* Assets.xcassets */ = {isa = PBXFileReference; lastKnownFileType = folder.assetcatalog; path = Assets.xcassets; sourceTree = "<group>"; };
		CE1FE0BF2BF66AC500078EB1 /* OAuthSample.entitlements */ = {isa = PBXFileReference; lastKnownFileType = text.plist.entitlements; path = OAuthSample.entitlements; sourceTree = "<group>"; };
		CE1FE0C12BF66AC500078EB1 /* Preview Assets.xcassets */ = {isa = PBXFileReference; lastKnownFileType = folder.assetcatalog; path = "Preview Assets.xcassets"; sourceTree = "<group>"; };
		CE1FE0CB2BF66CC500078EB1 /* Info.plist */ = {isa = PBXFileReference; lastKnownFileType = text.plist; path = Info.plist; sourceTree = "<group>"; };
		CE1FE0CC2BF6F73000078EB1 /* oauth.json */ = {isa = PBXFileReference; fileEncoding = 4; lastKnownFileType = text.json; path = oauth.json; sourceTree = "<group>"; };
		CE38E0EC2E0719EB0065319C /* OAuth+Window.swift */ = {isa = PBXFileReference; lastKnownFileType = sourcecode.swift; path = "OAuth+Window.swift"; sourceTree = "<group>"; };
		CEF889782E08ACFD0083845F /* OAuthSampleWatch.app */ = {isa = PBXFileReference; explicitFileType = wrapper.application; includeInIndex = 0; path = OAuthSampleWatch.app; sourceTree = BUILT_PRODUCTS_DIR; };
/* End PBXFileReference section */

/* Begin PBXFrameworksBuildPhase section */
		CE1FE0B32BF66AC400078EB1 /* Frameworks */ = {
			isa = PBXFrameworksBuildPhase;
			buildActionMask = 2147483647;
			files = (
				CE1FE0CA2BF66B6E00078EB1 /* OAuthKit in Frameworks */,
				CEC9CBB62DE946EF00F181DF /* OAuthKit in Frameworks */,
				CE65D4F52DEB6C4A00A24D2A /* OAuthKit in Frameworks */,
			);
			runOnlyForDeploymentPostprocessing = 0;
		};
		CEF889752E08ACFD0083845F /* Frameworks */ = {
			isa = PBXFrameworksBuildPhase;
			buildActionMask = 2147483647;
			files = (
				CE4317502E08AF77009B3DF1 /* OAuthKit in Frameworks */,
			);
			runOnlyForDeploymentPostprocessing = 0;
		};
/* End PBXFrameworksBuildPhase section */

/* Begin PBXGroup section */
		CE1FE0AD2BF66AC400078EB1 = {
			isa = PBXGroup;
			children = (
				CE1FE0B82BF66AC400078EB1 /* OAuthSample */,
				CE43174E2E08AF77009B3DF1 /* Frameworks */,
				CE1FE0B72BF66AC400078EB1 /* Products */,
			);
			sourceTree = "<group>";
		};
		CE1FE0B72BF66AC400078EB1 /* Products */ = {
			isa = PBXGroup;
			children = (
				CE1FE0B62BF66AC400078EB1 /* OAuthSample.app */,
				CEF889782E08ACFD0083845F /* OAuthSampleWatch.app */,
			);
			name = Products;
			sourceTree = "<group>";
		};
		CE1FE0B82BF66AC400078EB1 /* OAuthSample */ = {
			isa = PBXGroup;
			children = (
				CE38E0EB2E0719990065319C /* Classes */,
				CE1FE0C02BF66AC500078EB1 /* Preview Content */,
				CE1FE0BD2BF66AC500078EB1 /* Assets.xcassets */,
				CE1FE0CB2BF66CC500078EB1 /* Info.plist */,
				CE1FE0BF2BF66AC500078EB1 /* OAuthSample.entitlements */,
			);
			path = OAuthSample;
			sourceTree = "<group>";
		};
		CE1FE0C02BF66AC500078EB1 /* Preview Content */ = {
			isa = PBXGroup;
			children = (
				CE1FE0CC2BF6F73000078EB1 /* oauth.json */,
				CE1FE0C12BF66AC500078EB1 /* Preview Assets.xcassets */,
			);
			path = "Preview Content";
			sourceTree = "<group>";
		};
		CE38E0EB2E0719990065319C /* Classes */ = {
			isa = PBXGroup;
			children = (
				CE38E0EE2E071A360065319C /* Extensions */,
				CE1FE0B92BF66AC400078EB1 /* OAuthSampleApp.swift */,
				CE1FE0BB2BF66AC400078EB1 /* ContentView.swift */,
			);
			path = Classes;
			sourceTree = "<group>";
		};
		CE38E0EE2E071A360065319C /* Extensions */ = {
			isa = PBXGroup;
			children = (
				CE38E0EC2E0719EB0065319C /* OAuth+Window.swift */,
			);
			path = Extensions;
			sourceTree = "<group>";
		};
		CE43174E2E08AF77009B3DF1 /* Frameworks */ = {
			isa = PBXGroup;
			children = (
			);
			name = Frameworks;
			sourceTree = "<group>";
		};
/* End PBXGroup section */

/* Begin PBXNativeTarget section */
		CE1FE0B52BF66AC400078EB1 /* OAuthSample */ = {
			isa = PBXNativeTarget;
			buildConfigurationList = CE1FE0C52BF66AC500078EB1 /* Build configuration list for PBXNativeTarget "OAuthSample" */;
			buildPhases = (
				CE1FE0B22BF66AC400078EB1 /* Sources */,
				CE1FE0B32BF66AC400078EB1 /* Frameworks */,
				CE1FE0B42BF66AC400078EB1 /* Resources */,
				CEF889862E08ACFF0083845F /* Embed Watch Content */,
			);
			buildRules = (
			);
			dependencies = (
				CEF889812E08ACFF0083845F /* PBXTargetDependency */,
			);
			name = OAuthSample;
			packageProductDependencies = (
				CE1FE0C92BF66B6E00078EB1 /* OAuthKit */,
				CEC9CBB52DE946EF00F181DF /* OAuthKit */,
				CE65D4F42DEB6C4A00A24D2A /* OAuthKit */,
			);
			productName = OAuthSample;
			productReference = CE1FE0B62BF66AC400078EB1 /* OAuthSample.app */;
			productType = "com.apple.product-type.application";
		};
		CEF889772E08ACFD0083845F /* OAuthSampleWatch */ = {
			isa = PBXNativeTarget;
			buildConfigurationList = CEF889832E08ACFF0083845F /* Build configuration list for PBXNativeTarget "OAuthSampleWatch" */;
			buildPhases = (
				CEF889742E08ACFD0083845F /* Sources */,
				CEF889752E08ACFD0083845F /* Frameworks */,
				CEF889762E08ACFD0083845F /* Resources */,
			);
			buildRules = (
			);
			dependencies = (
			);
			name = OAuthSampleWatch;
			packageProductDependencies = (
				CE43174F2E08AF77009B3DF1 /* OAuthKit */,
			);
			productName = "OAuthSampleWatch Watch App";
			productReference = CEF889782E08ACFD0083845F /* OAuthSampleWatch.app */;
			productType = "com.apple.product-type.application";
		};
/* End PBXNativeTarget section */

/* Begin PBXProject section */
		CE1FE0AE2BF66AC400078EB1 /* Project object */ = {
			isa = PBXProject;
			attributes = {
				BuildIndependentTargetsInParallel = 1;
				LastSwiftUpdateCheck = 1640;
				LastUpgradeCheck = 1630;
				TargetAttributes = {
					CE1FE0B52BF66AC400078EB1 = {
						CreatedOnToolsVersion = 15.3;
					};
					CEF889772E08ACFD0083845F = {
						CreatedOnToolsVersion = 16.4;
					};
				};
			};
			buildConfigurationList = CE1FE0B12BF66AC400078EB1 /* Build configuration list for PBXProject "OAuthSample" */;
			compatibilityVersion = "Xcode 14.0";
			developmentRegion = en;
			hasScannedForEncodings = 0;
			knownRegions = (
				en,
				Base,
			);
			mainGroup = CE1FE0AD2BF66AC400078EB1;
			packageReferences = (
				CE65D4F32DEB6C4A00A24D2A /* XCRemoteSwiftPackageReference "OAuthKit" */,
			);
			productRefGroup = CE1FE0B72BF66AC400078EB1 /* Products */;
			projectDirPath = "";
			projectRoot = "";
			targets = (
				CE1FE0B52BF66AC400078EB1 /* OAuthSample */,
				CEF889772E08ACFD0083845F /* OAuthSampleWatch */,
			);
		};
/* End PBXProject section */

/* Begin PBXResourcesBuildPhase section */
		CE1FE0B42BF66AC400078EB1 /* Resources */ = {
			isa = PBXResourcesBuildPhase;
			buildActionMask = 2147483647;
			files = (
				CE1FE0C22BF66AC500078EB1 /* Preview Assets.xcassets in Resources */,
				CE1FE0BE2BF66AC500078EB1 /* Assets.xcassets in Resources */,
				CE1FE0CD2BF6F73000078EB1 /* oauth.json in Resources */,
			);
			runOnlyForDeploymentPostprocessing = 0;
		};
		CEF889762E08ACFD0083845F /* Resources */ = {
			isa = PBXResourcesBuildPhase;
			buildActionMask = 2147483647;
			files = (
				CE43175C2E09A321009B3DF1 /* Assets.xcassets in Resources */,
				CE4317512E08B0BB009B3DF1 /* oauth.json in Resources */,
			);
			runOnlyForDeploymentPostprocessing = 0;
		};
/* End PBXResourcesBuildPhase section */

/* Begin PBXSourcesBuildPhase section */
		CE1FE0B22BF66AC400078EB1 /* Sources */ = {
			isa = PBXSourcesBuildPhase;
			buildActionMask = 2147483647;
			files = (
				CE1FE0BC2BF66AC400078EB1 /* ContentView.swift in Sources */,
				CE38E0ED2E0719EB0065319C /* OAuth+Window.swift in Sources */,
				CE1FE0BA2BF66AC400078EB1 /* OAuthSampleApp.swift in Sources */,
			);
			runOnlyForDeploymentPostprocessing = 0;
		};
		CEF889742E08ACFD0083845F /* Sources */ = {
			isa = PBXSourcesBuildPhase;
			buildActionMask = 2147483647;
			files = (
				CE43175A2E09A27D009B3DF1 /* ContentView.swift in Sources */,
				CE43175B2E09A2E5009B3DF1 /* OAuthSampleApp.swift in Sources */,
			);
			runOnlyForDeploymentPostprocessing = 0;
		};
/* End PBXSourcesBuildPhase section */

/* Begin PBXTargetDependency section */
		CEF889812E08ACFF0083845F /* PBXTargetDependency */ = {
			isa = PBXTargetDependency;
			platformFilter = ios;
			target = CEF889772E08ACFD0083845F /* OAuthSampleWatch */;
			targetProxy = CEF889802E08ACFF0083845F /* PBXContainerItemProxy */;
		};
/* End PBXTargetDependency section */

/* Begin XCBuildConfiguration section */
		CE1FE0C32BF66AC500078EB1 /* Debug */ = {
			isa = XCBuildConfiguration;
			buildSettings = {
				ALWAYS_SEARCH_USER_PATHS = NO;
				ASSETCATALOG_COMPILER_GENERATE_SWIFT_ASSET_SYMBOL_EXTENSIONS = YES;
				CLANG_ANALYZER_NONNULL = YES;
				CLANG_ANALYZER_NUMBER_OBJECT_CONVERSION = YES_AGGRESSIVE;
				CLANG_CXX_LANGUAGE_STANDARD = "gnu++20";
				CLANG_ENABLE_MODULES = YES;
				CLANG_ENABLE_OBJC_ARC = YES;
				CLANG_ENABLE_OBJC_WEAK = YES;
				CLANG_WARN_BLOCK_CAPTURE_AUTORELEASING = YES;
				CLANG_WARN_BOOL_CONVERSION = YES;
				CLANG_WARN_COMMA = YES;
				CLANG_WARN_CONSTANT_CONVERSION = YES;
				CLANG_WARN_DEPRECATED_OBJC_IMPLEMENTATIONS = YES;
				CLANG_WARN_DIRECT_OBJC_ISA_USAGE = YES_ERROR;
				CLANG_WARN_DOCUMENTATION_COMMENTS = YES;
				CLANG_WARN_EMPTY_BODY = YES;
				CLANG_WARN_ENUM_CONVERSION = YES;
				CLANG_WARN_INFINITE_RECURSION = YES;
				CLANG_WARN_INT_CONVERSION = YES;
				CLANG_WARN_NON_LITERAL_NULL_CONVERSION = YES;
				CLANG_WARN_OBJC_IMPLICIT_RETAIN_SELF = YES;
				CLANG_WARN_OBJC_LITERAL_CONVERSION = YES;
				CLANG_WARN_OBJC_ROOT_CLASS = YES_ERROR;
				CLANG_WARN_QUOTED_INCLUDE_IN_FRAMEWORK_HEADER = YES;
				CLANG_WARN_RANGE_LOOP_ANALYSIS = YES;
				CLANG_WARN_STRICT_PROTOTYPES = YES;
				CLANG_WARN_SUSPICIOUS_MOVE = YES;
				CLANG_WARN_UNGUARDED_AVAILABILITY = YES_AGGRESSIVE;
				CLANG_WARN_UNREACHABLE_CODE = YES;
				CLANG_WARN__DUPLICATE_METHOD_MATCH = YES;
				COPY_PHASE_STRIP = NO;
				DEAD_CODE_STRIPPING = YES;
				DEBUG_INFORMATION_FORMAT = dwarf;
				ENABLE_STRICT_OBJC_MSGSEND = YES;
				ENABLE_TESTABILITY = YES;
				ENABLE_USER_SCRIPT_SANDBOXING = YES;
				GCC_C_LANGUAGE_STANDARD = gnu17;
				GCC_DYNAMIC_NO_PIC = NO;
				GCC_NO_COMMON_BLOCKS = YES;
				GCC_OPTIMIZATION_LEVEL = 0;
				GCC_PREPROCESSOR_DEFINITIONS = (
					"DEBUG=1",
					"$(inherited)",
				);
				GCC_WARN_64_TO_32_BIT_CONVERSION = YES;
				GCC_WARN_ABOUT_RETURN_TYPE = YES_ERROR;
				GCC_WARN_UNDECLARED_SELECTOR = YES;
				GCC_WARN_UNINITIALIZED_AUTOS = YES_AGGRESSIVE;
				GCC_WARN_UNUSED_FUNCTION = YES;
				GCC_WARN_UNUSED_VARIABLE = YES;
				LOCALIZATION_PREFERS_STRING_CATALOGS = YES;
				MTL_ENABLE_DEBUG_INFO = INCLUDE_SOURCE;
				MTL_FAST_MATH = YES;
				ONLY_ACTIVE_ARCH = YES;
				SWIFT_ACTIVE_COMPILATION_CONDITIONS = "DEBUG $(inherited)";
				SWIFT_OPTIMIZATION_LEVEL = "-Onone";
			};
			name = Debug;
		};
		CE1FE0C42BF66AC500078EB1 /* Release */ = {
			isa = XCBuildConfiguration;
			buildSettings = {
				ALWAYS_SEARCH_USER_PATHS = NO;
				ASSETCATALOG_COMPILER_GENERATE_SWIFT_ASSET_SYMBOL_EXTENSIONS = YES;
				CLANG_ANALYZER_NONNULL = YES;
				CLANG_ANALYZER_NUMBER_OBJECT_CONVERSION = YES_AGGRESSIVE;
				CLANG_CXX_LANGUAGE_STANDARD = "gnu++20";
				CLANG_ENABLE_MODULES = YES;
				CLANG_ENABLE_OBJC_ARC = YES;
				CLANG_ENABLE_OBJC_WEAK = YES;
				CLANG_WARN_BLOCK_CAPTURE_AUTORELEASING = YES;
				CLANG_WARN_BOOL_CONVERSION = YES;
				CLANG_WARN_COMMA = YES;
				CLANG_WARN_CONSTANT_CONVERSION = YES;
				CLANG_WARN_DEPRECATED_OBJC_IMPLEMENTATIONS = YES;
				CLANG_WARN_DIRECT_OBJC_ISA_USAGE = YES_ERROR;
				CLANG_WARN_DOCUMENTATION_COMMENTS = YES;
				CLANG_WARN_EMPTY_BODY = YES;
				CLANG_WARN_ENUM_CONVERSION = YES;
				CLANG_WARN_INFINITE_RECURSION = YES;
				CLANG_WARN_INT_CONVERSION = YES;
				CLANG_WARN_NON_LITERAL_NULL_CONVERSION = YES;
				CLANG_WARN_OBJC_IMPLICIT_RETAIN_SELF = YES;
				CLANG_WARN_OBJC_LITERAL_CONVERSION = YES;
				CLANG_WARN_OBJC_ROOT_CLASS = YES_ERROR;
				CLANG_WARN_QUOTED_INCLUDE_IN_FRAMEWORK_HEADER = YES;
				CLANG_WARN_RANGE_LOOP_ANALYSIS = YES;
				CLANG_WARN_STRICT_PROTOTYPES = YES;
				CLANG_WARN_SUSPICIOUS_MOVE = YES;
				CLANG_WARN_UNGUARDED_AVAILABILITY = YES_AGGRESSIVE;
				CLANG_WARN_UNREACHABLE_CODE = YES;
				CLANG_WARN__DUPLICATE_METHOD_MATCH = YES;
				COPY_PHASE_STRIP = NO;
				DEAD_CODE_STRIPPING = YES;
				DEBUG_INFORMATION_FORMAT = "dwarf-with-dsym";
				ENABLE_NS_ASSERTIONS = NO;
				ENABLE_STRICT_OBJC_MSGSEND = YES;
				ENABLE_USER_SCRIPT_SANDBOXING = YES;
				GCC_C_LANGUAGE_STANDARD = gnu17;
				GCC_NO_COMMON_BLOCKS = YES;
				GCC_WARN_64_TO_32_BIT_CONVERSION = YES;
				GCC_WARN_ABOUT_RETURN_TYPE = YES_ERROR;
				GCC_WARN_UNDECLARED_SELECTOR = YES;
				GCC_WARN_UNINITIALIZED_AUTOS = YES_AGGRESSIVE;
				GCC_WARN_UNUSED_FUNCTION = YES;
				GCC_WARN_UNUSED_VARIABLE = YES;
				LOCALIZATION_PREFERS_STRING_CATALOGS = YES;
				MTL_ENABLE_DEBUG_INFO = NO;
				MTL_FAST_MATH = YES;
				SWIFT_COMPILATION_MODE = wholemodule;
			};
			name = Release;
		};
		CE1FE0C62BF66AC500078EB1 /* Debug */ = {
			isa = XCBuildConfiguration;
			buildSettings = {
				ASSETCATALOG_COMPILER_APPICON_NAME = AppIcon;
				ASSETCATALOG_COMPILER_GLOBAL_ACCENT_COLOR_NAME = AccentColor;
				CODE_SIGN_ENTITLEMENTS = OAuthSample/OAuthSample.entitlements;
				CODE_SIGN_STYLE = Automatic;
				CURRENT_PROJECT_VERSION = 1;
				DEAD_CODE_STRIPPING = YES;
				DEVELOPMENT_ASSET_PATHS = "\"OAuthSample/Preview Content\"";
				ENABLE_PREVIEWS = YES;
				GENERATE_INFOPLIST_FILE = YES;
				INFOPLIST_FILE = OAuthSample/Info.plist;
				"INFOPLIST_KEY_UIApplicationSceneManifest_Generation[sdk=iphoneos*]" = YES;
				"INFOPLIST_KEY_UIApplicationSceneManifest_Generation[sdk=iphonesimulator*]" = YES;
				"INFOPLIST_KEY_UIApplicationSupportsIndirectInputEvents[sdk=iphoneos*]" = YES;
				"INFOPLIST_KEY_UIApplicationSupportsIndirectInputEvents[sdk=iphonesimulator*]" = YES;
				"INFOPLIST_KEY_UILaunchScreen_Generation[sdk=iphoneos*]" = YES;
				"INFOPLIST_KEY_UILaunchScreen_Generation[sdk=iphonesimulator*]" = YES;
				"INFOPLIST_KEY_UIStatusBarStyle[sdk=iphoneos*]" = UIStatusBarStyleDefault;
				"INFOPLIST_KEY_UIStatusBarStyle[sdk=iphonesimulator*]" = UIStatusBarStyleDefault;
				INFOPLIST_KEY_UISupportedInterfaceOrientations_iPad = "UIInterfaceOrientationPortrait UIInterfaceOrientationPortraitUpsideDown UIInterfaceOrientationLandscapeLeft UIInterfaceOrientationLandscapeRight";
				INFOPLIST_KEY_UISupportedInterfaceOrientations_iPhone = "UIInterfaceOrientationPortrait UIInterfaceOrientationLandscapeLeft UIInterfaceOrientationLandscapeRight";
				IPHONEOS_DEPLOYMENT_TARGET = 18.0;
				LD_RUNPATH_SEARCH_PATHS = "@executable_path/Frameworks";
				"LD_RUNPATH_SEARCH_PATHS[sdk=macosx*]" = "@executable_path/../Frameworks";
				MACOSX_DEPLOYMENT_TARGET = 15.0;
				MARKETING_VERSION = 1.0;
				PRODUCT_BUNDLE_IDENTIFIER = com.codefiesta.OAuthSample;
				PRODUCT_NAME = "$(TARGET_NAME)";
				SDKROOT = auto;
				SUPPORTED_PLATFORMS = "appletvos appletvsimulator iphoneos iphonesimulator macosx xros xrsimulator";
				SUPPORTS_MACCATALYST = NO;
				SWIFT_EMIT_LOC_STRINGS = YES;
				SWIFT_VERSION = 5.0;
				TARGETED_DEVICE_FAMILY = "1,2,3,7";
				TVOS_DEPLOYMENT_TARGET = 18.0;
				XROS_DEPLOYMENT_TARGET = 2.0;
			};
			name = Debug;
		};
		CE1FE0C72BF66AC500078EB1 /* Release */ = {
			isa = XCBuildConfiguration;
			buildSettings = {
				ASSETCATALOG_COMPILER_APPICON_NAME = AppIcon;
				ASSETCATALOG_COMPILER_GLOBAL_ACCENT_COLOR_NAME = AccentColor;
				CODE_SIGN_ENTITLEMENTS = OAuthSample/OAuthSample.entitlements;
				CODE_SIGN_STYLE = Automatic;
				CURRENT_PROJECT_VERSION = 1;
				DEAD_CODE_STRIPPING = YES;
				DEVELOPMENT_ASSET_PATHS = "\"OAuthSample/Preview Content\"";
				ENABLE_PREVIEWS = YES;
				GENERATE_INFOPLIST_FILE = YES;
				INFOPLIST_FILE = OAuthSample/Info.plist;
				"INFOPLIST_KEY_UIApplicationSceneManifest_Generation[sdk=iphoneos*]" = YES;
				"INFOPLIST_KEY_UIApplicationSceneManifest_Generation[sdk=iphonesimulator*]" = YES;
				"INFOPLIST_KEY_UIApplicationSupportsIndirectInputEvents[sdk=iphoneos*]" = YES;
				"INFOPLIST_KEY_UIApplicationSupportsIndirectInputEvents[sdk=iphonesimulator*]" = YES;
				"INFOPLIST_KEY_UILaunchScreen_Generation[sdk=iphoneos*]" = YES;
				"INFOPLIST_KEY_UILaunchScreen_Generation[sdk=iphonesimulator*]" = YES;
				"INFOPLIST_KEY_UIStatusBarStyle[sdk=iphoneos*]" = UIStatusBarStyleDefault;
				"INFOPLIST_KEY_UIStatusBarStyle[sdk=iphonesimulator*]" = UIStatusBarStyleDefault;
				INFOPLIST_KEY_UISupportedInterfaceOrientations_iPad = "UIInterfaceOrientationPortrait UIInterfaceOrientationPortraitUpsideDown UIInterfaceOrientationLandscapeLeft UIInterfaceOrientationLandscapeRight";
				INFOPLIST_KEY_UISupportedInterfaceOrientations_iPhone = "UIInterfaceOrientationPortrait UIInterfaceOrientationLandscapeLeft UIInterfaceOrientationLandscapeRight";
				IPHONEOS_DEPLOYMENT_TARGET = 18.0;
				LD_RUNPATH_SEARCH_PATHS = "@executable_path/Frameworks";
				"LD_RUNPATH_SEARCH_PATHS[sdk=macosx*]" = "@executable_path/../Frameworks";
				MACOSX_DEPLOYMENT_TARGET = 15.0;
				MARKETING_VERSION = 1.0;
				PRODUCT_BUNDLE_IDENTIFIER = com.codefiesta.OAuthSample;
				PRODUCT_NAME = "$(TARGET_NAME)";
				SDKROOT = auto;
				SUPPORTED_PLATFORMS = "appletvos appletvsimulator iphoneos iphonesimulator macosx xros xrsimulator";
				SUPPORTS_MACCATALYST = NO;
				SWIFT_EMIT_LOC_STRINGS = YES;
				SWIFT_VERSION = 5.0;
				TARGETED_DEVICE_FAMILY = "1,2,3,7";
				TVOS_DEPLOYMENT_TARGET = 18.0;
				XROS_DEPLOYMENT_TARGET = 2.0;
			};
			name = Release;
		};
		CEF889842E08ACFF0083845F /* Debug */ = {
			isa = XCBuildConfiguration;
			buildSettings = {
				ASSETCATALOG_COMPILER_APPICON_NAME = AppIcon;
				ASSETCATALOG_COMPILER_GLOBAL_ACCENT_COLOR_NAME = AccentColor;
				CODE_SIGN_STYLE = Automatic;
				CURRENT_PROJECT_VERSION = 1;
				ENABLE_PREVIEWS = YES;
				GENERATE_INFOPLIST_FILE = YES;
				INFOPLIST_KEY_CFBundleDisplayName = OAuthSampleWatch;
				INFOPLIST_KEY_UISupportedInterfaceOrientations = "UIInterfaceOrientationPortrait UIInterfaceOrientationPortraitUpsideDown";
				INFOPLIST_KEY_WKCompanionAppBundleIdentifier = com.codefiesta.OAuthSample;
				LD_RUNPATH_SEARCH_PATHS = (
					"$(inherited)",
					"@executable_path/Frameworks",
				);
				MARKETING_VERSION = 1.0;
				PRODUCT_BUNDLE_IDENTIFIER = com.codefiesta.OAuthSample.Watch;
				PRODUCT_NAME = "$(TARGET_NAME)";
				SDKROOT = watchos;
				SKIP_INSTALL = YES;
				SWIFT_EMIT_LOC_STRINGS = YES;
				SWIFT_VERSION = 5.0;
				TARGETED_DEVICE_FAMILY = 4;
				WATCHOS_DEPLOYMENT_TARGET = 11.5;
			};
			name = Debug;
		};
		CEF889852E08ACFF0083845F /* Release */ = {
			isa = XCBuildConfiguration;
			buildSettings = {
				ASSETCATALOG_COMPILER_APPICON_NAME = AppIcon;
				ASSETCATALOG_COMPILER_GLOBAL_ACCENT_COLOR_NAME = AccentColor;
				CODE_SIGN_STYLE = Automatic;
				CURRENT_PROJECT_VERSION = 1;
				ENABLE_PREVIEWS = YES;
				GENERATE_INFOPLIST_FILE = YES;
				INFOPLIST_KEY_CFBundleDisplayName = OAuthSampleWatch;
				INFOPLIST_KEY_UISupportedInterfaceOrientations = "UIInterfaceOrientationPortrait UIInterfaceOrientationPortraitUpsideDown";
				INFOPLIST_KEY_WKCompanionAppBundleIdentifier = com.codefiesta.OAuthSample;
				LD_RUNPATH_SEARCH_PATHS = (
					"$(inherited)",
					"@executable_path/Frameworks",
				);
				MARKETING_VERSION = 1.0;
				PRODUCT_BUNDLE_IDENTIFIER = com.codefiesta.OAuthSample.Watch;
				PRODUCT_NAME = "$(TARGET_NAME)";
				SDKROOT = watchos;
				SKIP_INSTALL = YES;
				SWIFT_EMIT_LOC_STRINGS = YES;
				SWIFT_VERSION = 5.0;
				TARGETED_DEVICE_FAMILY = 4;
				VALIDATE_PRODUCT = YES;
				WATCHOS_DEPLOYMENT_TARGET = 11.5;
			};
			name = Release;
		};
/* End XCBuildConfiguration section */

/* Begin XCConfigurationList section */
		CE1FE0B12BF66AC400078EB1 /* Build configuration list for PBXProject "OAuthSample" */ = {
			isa = XCConfigurationList;
			buildConfigurations = (
				CE1FE0C32BF66AC500078EB1 /* Debug */,
				CE1FE0C42BF66AC500078EB1 /* Release */,
			);
			defaultConfigurationIsVisible = 0;
			defaultConfigurationName = Release;
		};
		CE1FE0C52BF66AC500078EB1 /* Build configuration list for PBXNativeTarget "OAuthSample" */ = {
			isa = XCConfigurationList;
			buildConfigurations = (
				CE1FE0C62BF66AC500078EB1 /* Debug */,
				CE1FE0C72BF66AC500078EB1 /* Release */,
			);
			defaultConfigurationIsVisible = 0;
			defaultConfigurationName = Release;
		};
		CEF889832E08ACFF0083845F /* Build configuration list for PBXNativeTarget "OAuthSampleWatch" */ = {
			isa = XCConfigurationList;
			buildConfigurations = (
				CEF889842E08ACFF0083845F /* Debug */,
				CEF889852E08ACFF0083845F /* Release */,
			);
			defaultConfigurationIsVisible = 0;
			defaultConfigurationName = Release;
		};
/* End XCConfigurationList section */

/* Begin XCRemoteSwiftPackageReference section */
		CE65D4F32DEB6C4A00A24D2A /* XCRemoteSwiftPackageReference "OAuthKit" */ = {
			isa = XCRemoteSwiftPackageReference;
			repositoryURL = "https://github.com/codefiesta/OAuthKit.git";
			requirement = {
				kind = upToNextMajorVersion;
				minimumVersion = 1.4.5;
			};
		};
/* End XCRemoteSwiftPackageReference section */

/* Begin XCSwiftPackageProductDependency section */
		CE1FE0C92BF66B6E00078EB1 /* OAuthKit */ = {
			isa = XCSwiftPackageProductDependency;
			productName = OAuthKit;
		};
		CE43174F2E08AF77009B3DF1 /* OAuthKit */ = {
			isa = XCSwiftPackageProductDependency;
			package = CE65D4F32DEB6C4A00A24D2A /* XCRemoteSwiftPackageReference "OAuthKit" */;
			productName = OAuthKit;
		};
		CE65D4F42DEB6C4A00A24D2A /* OAuthKit */ = {
			isa = XCSwiftPackageProductDependency;
			package = CE65D4F32DEB6C4A00A24D2A /* XCRemoteSwiftPackageReference "OAuthKit" */;
			productName = OAuthKit;
		};
		CEC9CBB52DE946EF00F181DF /* OAuthKit */ = {
			isa = XCSwiftPackageProductDependency;
			productName = OAuthKit;
		};
/* End XCSwiftPackageProductDependency section */
	};
	rootObject = CE1FE0AE2BF66AC400078EB1 /* Project object */;
}
